{
  "version": 4,
  "terraform_version": "1.13.2",
  "serial": 3,
  "lineage": "4ec810fa-7ce4-f3c3-f316-8c22c8c8cf52",
  "outputs": {},
  "resources": [
    {
      "mode": "managed",
      "type": "google_compute_instance",
      "name": "vm",
      "provider": "provider[\"registry.terraform.io/hashicorp/google\"]",
      "instances": [
        {
          "schema_version": 6,
          "attributes": {
            "advanced_machine_features": [],
            "allow_stopping_for_update": null,
            "attached_disk": [],
            "boot_disk": [
              {
                "auto_delete": true,
                "device_name": "persistent-disk-0",
                "disk_encryption_key_raw": "",
                "disk_encryption_key_rsa": "",
                "disk_encryption_key_sha256": "",
                "disk_encryption_service_account": "",
                "force_attach": false,
                "guest_os_features": [
                  "UEFI_COMPATIBLE",
                  "VIRTIO_SCSI_MULTIQUEUE",
                  "GVNIC"
                ],
                "initialize_params": [
                  {
                    "architecture": "X86_64",
                    "enable_confidential_compute": false,
                    "image": "https://www.googleapis.com/compute/v1/projects/debian-cloud/global/images/debian-11-bullseye-v20250812",
                    "labels": {},
                    "provisioned_iops": 0,
                    "provisioned_throughput": 0,
                    "resource_manager_tags": null,
                    "resource_policies": [],
                    "size": 10,
                    "snapshot": "",
                    "source_image_encryption_key": [],
                    "source_snapshot_encryption_key": [],
                    "storage_pool": "",
                    "type": "pd-standard"
                  }
                ],
                "interface": "",
                "kms_key_self_link": "",
                "mode": "READ_WRITE",
                "source": "https://www.googleapis.com/compute/v1/projects/infrademo-472206/zones/europe-west1-b/disks/infra-demo-vm"
              }
            ],
            "can_ip_forward": false,
            "confidential_instance_config": [],
            "cpu_platform": "Intel Broadwell",
            "creation_timestamp": "2025-09-15T01:01:00.385-07:00",
            "current_status": "RUNNING",
            "deletion_protection": false,
            "description": "",
            "desired_status": null,
            "effective_labels": {
              "goog-terraform-provisioned": "true"
            },
            "enable_display": false,
            "guest_accelerator": [],
            "hostname": "",
            "id": "projects/infrademo-472206/zones/europe-west1-b/instances/infra-demo-vm",
            "instance_encryption_key": [],
            "instance_id": "8511380446375475541",
            "key_revocation_action_type": "",
            "label_fingerprint": "vezUS-42LLM=",
            "labels": null,
            "machine_type": "e2-micro",
            "metadata": {
              "ssh-keys": "ansible:ssh-rsa AAAAB3NzaC1yc2EAAAADAQABAAACAQCxueUxHL4hENSuKCJvh4Y5AmjxbSne/2dzyNCKNLOMZvF45Aqlp+AJxMNsNfY+3rp645B1CivgeZ2feHi+ARE7TkF+LP/S/0SjZ0mPAOaQST9LtMwSFw3jF1Nan8l4whZR5NBfPmgRMbLb9ERuMB4woQVuI75yFzfLXUQcHhZDA6uSf7grxmcGzWF4jrtH1weVaDJ+try14qPMSayaq8wBws1cT/195HXmsutg0dm82g8Ul3Bdvb+ccwm9XvpNeaM4+EojZf0KALBtstk3n1ukTyJBQAalE3TSWFqQ4EP5OtX2Mn3nRq0sOzY0msRXEyxsNk7bF0lIcdwbqlUyA8yxbrIlOHqxtFhWi+2MFiLi8TBRZqwIMDJAKY5R4GpN8cwl/bDbjrCTfd6fz3VvBhyTeHU0TC/UwPxOhMcarFgWeQMgiPhRlQ1ITtUwETR8C/PqKk7QKCPz/Xn8hkzmV4hKoiLNwORmVCvVSVeDrNd274yxzknRv3nXpLNcprozv7fSSctElOfgc6Ju5ieOQnswITH7boTXmhC2Nl9pTmopv0eMLlezmGFG8A6oqaKRVtD7oS083fDDHHLET/bbQ34PgGrYiTSfBUZ1TEEIED0ZdwIpcZX45VY7gACb3b4H0A0woH4YmsxDHrS99RMvSxIBLEpC1Ke56aqf3iVqD/In1w== juanborron@ordinateur-portable-de-juan.home\n"
            },
            "metadata_fingerprint": "421yCQT0uA8=",
            "metadata_startup_script": null,
            "min_cpu_platform": "",
            "name": "infra-demo-vm",
            "network_interface": [
              {
                "access_config": [
                  {
                    "nat_ip": "34.52.195.232",
                    "network_tier": "PREMIUM",
                    "public_ptr_domain_name": ""
                  }
                ],
                "alias_ip_range": [],
                "internal_ipv6_prefix_length": 0,
                "ipv6_access_config": [],
                "ipv6_access_type": "",
                "ipv6_address": "",
                "name": "nic0",
                "network": "https://www.googleapis.com/compute/v1/projects/infrademo-472206/global/networks/default",
                "network_attachment": "",
                "network_ip": "10.132.0.2",
                "nic_type": "",
                "queue_count": 0,
                "stack_type": "IPV4_ONLY",
                "subnetwork": "https://www.googleapis.com/compute/v1/projects/infrademo-472206/regions/europe-west1/subnetworks/default",
                "subnetwork_project": "infrademo-472206"
              }
            ],
            "network_performance_config": [],
            "params": [],
            "project": "infrademo-472206",
            "reservation_affinity": [],
            "resource_policies": null,
            "scheduling": [
              {
                "automatic_restart": true,
                "availability_domain": 0,
                "instance_termination_action": "",
                "local_ssd_recovery_timeout": [],
                "max_run_duration": [],
                "min_node_cpus": 0,
                "node_affinities": [],
                "on_host_maintenance": "MIGRATE",
                "on_instance_stop_action": [],
                "preemptible": false,
                "provisioning_model": "STANDARD",
                "termination_time": ""
              }
            ],
            "scratch_disk": [],
            "self_link": "https://www.googleapis.com/compute/v1/projects/infrademo-472206/zones/europe-west1-b/instances/infra-demo-vm",
            "service_account": [],
            "shielded_instance_config": [
              {
                "enable_integrity_monitoring": true,
                "enable_secure_boot": false,
                "enable_vtpm": true
              }
            ],
            "tags": null,
            "tags_fingerprint": "42WmSpB8rSM=",
            "terraform_labels": {
              "goog-terraform-provisioned": "true"
            },
            "timeouts": null,
            "zone": "europe-west1-b"
          },
          "sensitive_attributes": [
            [
              {
                "type": "get_attr",
                "value": "boot_disk"
              },
              {
                "type": "index",
                "value": {
                  "value": 0,
                  "type": "number"
                }
              },
              {
                "type": "get_attr",
                "value": "disk_encryption_key_raw"
              }
            ],
            [
              {
                "type": "get_attr",
                "value": "boot_disk"
              },
              {
                "type": "index",
                "value": {
                  "value": 0,
                  "type": "number"
                }
              },
              {
                "type": "get_attr",
                "value": "disk_encryption_key_rsa"
              }
            ]
          ],
          "identity_schema_version": 0,
          "private": "eyJlMmJmYjczMC1lY2FhLTExZTYtOGY4OC0zNDM2M2JjN2M0YzAiOnsiY3JlYXRlIjoxMjAwMDAwMDAwMDAwLCJkZWxldGUiOjEyMDAwMDAwMDAwMDAsInVwZGF0ZSI6MTIwMDAwMDAwMDAwMH0sInNjaGVtYV92ZXJzaW9uIjoiNiJ9"
        }
      ]
    }
  ],
  "check_results": null
}
